// !$*UTF8*$!
{
	archiveVersion = 1;
	classes = {
	};
	objectVersion = 55;
	objects = {

/* Begin PBXBuildFile section */
		A8C23B3328A3ACAF00756ED5 /* AppDelegate.swift in Sources */ = {isa = PBXBuildFile; fileRef = A8C23B3228A3ACAF00756ED5 /* AppDelegate.swift */; };
		A8C23B3528A3ACAF00756ED5 /* SceneDelegate.swift in Sources */ = {isa = PBXBuildFile; fileRef = A8C23B3428A3ACAF00756ED5 /* SceneDelegate.swift */; };
		A8C23B3728A3ACAF00756ED5 /* RootViewController.swift in Sources */ = {isa = PBXBuildFile; fileRef = A8C23B3628A3ACAF00756ED5 /* RootViewController.swift */; };
		A8C23B3C28A3ACB000756ED5 /* Assets.xcassets in Resources */ = {isa = PBXBuildFile; fileRef = A8C23B3B28A3ACB000756ED5 /* Assets.xcassets */; };
		A8C23B3F28A3ACB000756ED5 /* LaunchScreen.storyboard in Resources */ = {isa = PBXBuildFile; fileRef = A8C23B3D28A3ACB000756ED5 /* LaunchScreen.storyboard */; };
		A8C23B4B28A3AD5700756ED5 /* Weather.swift in Sources */ = {isa = PBXBuildFile; fileRef = A8C23B4A28A3AD5700756ED5 /* Weather.swift */; };
		A8C23B4D28A3AD6300756ED5 /* WeatherCell.swift in Sources */ = {isa = PBXBuildFile; fileRef = A8C23B4C28A3AD6300756ED5 /* WeatherCell.swift */; };
		A8C23B5028A3AD7C00756ED5 /* RootView.swift in Sources */ = {isa = PBXBuildFile; fileRef = A8C23B4F28A3AD7C00756ED5 /* RootView.swift */; };
		A8C23B5328A3C0F000756ED5 /* WeatherAPI.swift in Sources */ = {isa = PBXBuildFile; fileRef = A8C23B5228A3C0F000756ED5 /* WeatherAPI.swift */; };
/* End PBXBuildFile section */

/* Begin PBXFileReference section */
		A8C23B2F28A3ACAF00756ED5 /* Weather.app */ = {isa = PBXFileReference; explicitFileType = wrapper.application; includeInIndex = 0; path = Weather.app; sourceTree = BUILT_PRODUCTS_DIR; };
		A8C23B3228A3ACAF00756ED5 /* AppDelegate.swift */ = {isa = PBXFileReference; lastKnownFileType = sourcecode.swift; path = AppDelegate.swift; sourceTree = "<group>"; };
		A8C23B3428A3ACAF00756ED5 /* SceneDelegate.swift */ = {isa = PBXFileReference; lastKnownFileType = sourcecode.swift; path = SceneDelegate.swift; sourceTree = "<group>"; };
		A8C23B3628A3ACAF00756ED5 /* RootViewController.swift */ = {isa = PBXFileReference; lastKnownFileType = sourcecode.swift; path = RootViewController.swift; sourceTree = "<group>"; };
		A8C23B3B28A3ACB000756ED5 /* Assets.xcassets */ = {isa = PBXFileReference; lastKnownFileType = folder.assetcatalog; path = Assets.xcassets; sourceTree = "<group>"; };
		A8C23B3E28A3ACB000756ED5 /* Base */ = {isa = PBXFileReference; lastKnownFileType = file.storyboard; name = Base; path = Base.lproj/LaunchScreen.storyboard; sourceTree = "<group>"; };
		A8C23B4028A3ACB000756ED5 /* Info.plist */ = {isa = PBXFileReference; lastKnownFileType = text.plist.xml; path = Info.plist; sourceTree = "<group>"; };
		A8C23B4A28A3AD5700756ED5 /* Weather.swift */ = {isa = PBXFileReference; lastKnownFileType = sourcecode.swift; path = Weather.swift; sourceTree = "<group>"; };
		A8C23B4C28A3AD6300756ED5 /* WeatherCell.swift */ = {isa = PBXFileReference; lastKnownFileType = sourcecode.swift; path = WeatherCell.swift; sourceTree = "<group>"; };
		A8C23B4F28A3AD7C00756ED5 /* RootView.swift */ = {isa = PBXFileReference; lastKnownFileType = sourcecode.swift; path = RootView.swift; sourceTree = "<group>"; };
		A8C23B5228A3C0F000756ED5 /* WeatherAPI.swift */ = {isa = PBXFileReference; lastKnownFileType = sourcecode.swift; path = WeatherAPI.swift; sourceTree = "<group>"; };
/* End PBXFileReference section */

/* Begin PBXFrameworksBuildPhase section */
		A8C23B2C28A3ACAF00756ED5 /* Frameworks */ = {
			isa = PBXFrameworksBuildPhase;
			buildActionMask = 2147483647;
			files = (
			);
			runOnlyForDeploymentPostprocessing = 0;
		};
/* End PBXFrameworksBuildPhase section */

/* Begin PBXGroup section */
		A8C23B2628A3ACAF00756ED5 = {
			isa = PBXGroup;
			children = (
				A8C23B3128A3ACAF00756ED5 /* Weather */,
				A8C23B3028A3ACAF00756ED5 /* Products */,
			);
			sourceTree = "<group>";
		};
		A8C23B3028A3ACAF00756ED5 /* Products */ = {
			isa = PBXGroup;
			children = (
				A8C23B2F28A3ACAF00756ED5 /* Weather.app */,
			);
			name = Products;
			sourceTree = "<group>";
		};
		A8C23B3128A3ACAF00756ED5 /* Weather */ = {
			isa = PBXGroup;
			children = (
				A8C23B4828A3AD1700756ED5 /* Controllers */,
				A8C23B5128A3C0CB00756ED5 /* APIService */,
				A8C23B4E28A3AD7200756ED5 /* Views */,
				A8C23B4628A3ACFB00756ED5 /* Models */,
				A8C23B4728A3AD0300756ED5 /* Cell */,
				A8C23B4928A3AD2C00756ED5 /* Resources */,
				A8C23B3D28A3ACB000756ED5 /* LaunchScreen.storyboard */,
				A8C23B4028A3ACB000756ED5 /* Info.plist */,
			);
			path = Weather;
			sourceTree = "<group>";
		};
		A8C23B4628A3ACFB00756ED5 /* Models */ = {
			isa = PBXGroup;
			children = (
				A8C23B4A28A3AD5700756ED5 /* Weather.swift */,
			);
			path = Models;
			sourceTree = "<group>";
		};
		A8C23B4728A3AD0300756ED5 /* Cell */ = {
			isa = PBXGroup;
			children = (
				A8C23B4C28A3AD6300756ED5 /* WeatherCell.swift */,
			);
			path = Cell;
			sourceTree = "<group>";
		};
		A8C23B4828A3AD1700756ED5 /* Controllers */ = {
			isa = PBXGroup;
			children = (
				A8C23B3628A3ACAF00756ED5 /* RootViewController.swift */,
			);
			path = Controllers;
			sourceTree = "<group>";
		};
		A8C23B4928A3AD2C00756ED5 /* Resources */ = {
			isa = PBXGroup;
			children = (
				A8C23B3B28A3ACB000756ED5 /* Assets.xcassets */,
				A8C23B3228A3ACAF00756ED5 /* AppDelegate.swift */,
				A8C23B3428A3ACAF00756ED5 /* SceneDelegate.swift */,
			);
			path = Resources;
			sourceTree = "<group>";
		};
		A8C23B4E28A3AD7200756ED5 /* Views */ = {
			isa = PBXGroup;
			children = (
				A8C23B4F28A3AD7C00756ED5 /* RootView.swift */,
			);
			path = Views;
			sourceTree = "<group>";
		};
		A8C23B5128A3C0CB00756ED5 /* APIService */ = {
			isa = PBXGroup;
			children = (
				A8C23B5228A3C0F000756ED5 /* WeatherAPI.swift */,
			);
			path = APIService;
			sourceTree = "<group>";
		};
/* End PBXGroup section */

/* Begin PBXNativeTarget section */
		A8C23B2E28A3ACAF00756ED5 /* Weather */ = {
			isa = PBXNativeTarget;
			buildConfigurationList = A8C23B4328A3ACB000756ED5 /* Build configuration list for PBXNativeTarget "Weather" */;
			buildPhases = (
				A8C23B2B28A3ACAF00756ED5 /* Sources */,
				A8C23B2C28A3ACAF00756ED5 /* Frameworks */,
				A8C23B2D28A3ACAF00756ED5 /* Resources */,
			);
			buildRules = (
			);
			dependencies = (
			);
			name = Weather;
			productName = Weather;
			productReference = A8C23B2F28A3ACAF00756ED5 /* Weather.app */;
			productType = "com.apple.product-type.application";
		};
/* End PBXNativeTarget section */

/* Begin PBXProject section */
		A8C23B2728A3ACAF00756ED5 /* Project object */ = {
			isa = PBXProject;
			attributes = {
				BuildIndependentTargetsInParallel = 1;
				LastSwiftUpdateCheck = 1340;
				LastUpgradeCheck = 1340;
				TargetAttributes = {
					A8C23B2E28A3ACAF00756ED5 = {
						CreatedOnToolsVersion = 13.4.1;
					};
				};
			};
			buildConfigurationList = A8C23B2A28A3ACAF00756ED5 /* Build configuration list for PBXProject "Weather" */;
			compatibilityVersion = "Xcode 13.0";
			developmentRegion = en;
			hasScannedForEncodings = 0;
			knownRegions = (
				en,
				Base,
			);
			mainGroup = A8C23B2628A3ACAF00756ED5;
			productRefGroup = A8C23B3028A3ACAF00756ED5 /* Products */;
			projectDirPath = "";
			projectRoot = "";
			targets = (
				A8C23B2E28A3ACAF00756ED5 /* Weather */,
			);
		};
/* End PBXProject section */

/* Begin PBXResourcesBuildPhase section */
		A8C23B2D28A3ACAF00756ED5 /* Resources */ = {
			isa = PBXResourcesBuildPhase;
			buildActionMask = 2147483647;
			files = (
				A8C23B3F28A3ACB000756ED5 /* LaunchScreen.storyboard in Resources */,
				A8C23B3C28A3ACB000756ED5 /* Assets.xcassets in Resources */,
			);
			runOnlyForDeploymentPostprocessing = 0;
		};
/* End PBXResourcesBuildPhase section */

/* Begin PBXSourcesBuildPhase section */
		A8C23B2B28A3ACAF00756ED5 /* Sources */ = {
			isa = PBXSourcesBuildPhase;
			buildActionMask = 2147483647;
			files = (
				A8C23B4B28A3AD5700756ED5 /* Weather.swift in Sources */,
				A8C23B5328A3C0F000756ED5 /* WeatherAPI.swift in Sources */,
				A8C23B3728A3ACAF00756ED5 /* RootViewController.swift in Sources */,
				A8C23B5028A3AD7C00756ED5 /* RootView.swift in Sources */,
				A8C23B4D28A3AD6300756ED5 /* WeatherCell.swift in Sources */,
				A8C23B3328A3ACAF00756ED5 /* AppDelegate.swift in Sources */,
				A8C23B3528A3ACAF00756ED5 /* SceneDelegate.swift in Sources */,
			);
			runOnlyForDeploymentPostprocessing = 0;
		};
/* End PBXSourcesBuildPhase section */

/* Begin PBXVariantGroup section */
		A8C23B3D28A3ACB000756ED5 /* LaunchScreen.storyboard */ = {
			isa = PBXVariantGroup;
			children = (
				A8C23B3E28A3ACB000756ED5 /* Base */,
			);
			name = LaunchScreen.storyboard;
			sourceTree = "<group>";
		};
/* End PBXVariantGroup section */

/* Begin XCBuildConfiguration section */
		A8C23B4128A3ACB000756ED5 /* Debug */ = {
			isa = XCBuildConfiguration;
			buildSettings = {
				ALWAYS_SEARCH_USER_PATHS = NO;
				CLANG_ANALYZER_NONNULL = YES;
				CLANG_ANALYZER_NUMBER_OBJECT_CONVERSION = YES_AGGRESSIVE;
				CLANG_CXX_LANGUAGE_STANDARD = "gnu++17";
				CLANG_ENABLE_MODULES = YES;
				CLANG_ENABLE_OBJC_ARC = YES;
				CLANG_ENABLE_OBJC_WEAK = YES;
				CLANG_WARN_BLOCK_CAPTURE_AUTORELEASING = YES;
				CLANG_WARN_BOOL_CONVERSION = YES;
				CLANG_WARN_COMMA = YES;
				CLANG_WARN_CONSTANT_CONVERSION = YES;
				CLANG_WARN_DEPRECATED_OBJC_IMPLEMENTATIONS = YES;
				CLANG_WARN_DIRECT_OBJC_ISA_USAGE = YES_ERROR;
				CLANG_WARN_DOCUMENTATION_COMMENTS = YES;
				CLANG_WARN_EMPTY_BODY = YES;
				CLANG_WARN_ENUM_CONVERSION = YES;
				CLANG_WARN_INFINITE_RECURSION = YES;
				CLANG_WARN_INT_CONVERSION = YES;
				CLANG_WARN_NON_LITERAL_NULL_CONVERSION = YES;
				CLANG_WARN_OBJC_IMPLICIT_RETAIN_SELF = YES;
				CLANG_WARN_OBJC_LITERAL_CONVERSION = YES;
				CLANG_WARN_OBJC_ROOT_CLASS = YES_ERROR;
				CLANG_WARN_QUOTED_INCLUDE_IN_FRAMEWORK_HEADER = YES;
				CLANG_WARN_RANGE_LOOP_ANALYSIS = YES;
				CLANG_WARN_STRICT_PROTOTYPES = YES;
				CLANG_WARN_SUSPICIOUS_MOVE = YES;
				CLANG_WARN_UNGUARDED_AVAILABILITY = YES_AGGRESSIVE;
				CLANG_WARN_UNREACHABLE_CODE = YES;
				CLANG_WARN__DUPLICATE_METHOD_MATCH = YES;
				COPY_PHASE_STRIP = NO;
				DEBUG_INFORMATION_FORMAT = dwarf;
				ENABLE_STRICT_OBJC_MSGSEND = YES;
				ENABLE_TESTABILITY = YES;
				GCC_C_LANGUAGE_STANDARD = gnu11;
				GCC_DYNAMIC_NO_PIC = NO;
				GCC_NO_COMMON_BLOCKS = YES;
				GCC_OPTIMIZATION_LEVEL = 0;
				GCC_PREPROCESSOR_DEFINITIONS = (
					"DEBUG=1",
					"$(inherited)",
				);
				GCC_WARN_64_TO_32_BIT_CONVERSION = YES;
				GCC_WARN_ABOUT_RETURN_TYPE = YES_ERROR;
				GCC_WARN_UNDECLARED_SELECTOR = YES;
				GCC_WARN_UNINITIALIZED_AUTOS = YES_AGGRESSIVE;
				GCC_WARN_UNUSED_FUNCTION = YES;
				GCC_WARN_UNUSED_VARIABLE = YES;
				IPHONEOS_DEPLOYMENT_TARGET = 15.5;
				MTL_ENABLE_DEBUG_INFO = INCLUDE_SOURCE;
				MTL_FAST_MATH = YES;
				ONLY_ACTIVE_ARCH = YES;
				SDKROOT = iphoneos;
				SWIFT_ACTIVE_COMPILATION_CONDITIONS = DEBUG;
				SWIFT_OPTIMIZATION_LEVEL = "-Onone";
			};
			name = Debug;
		};
		A8C23B4228A3ACB000756ED5 /* Release */ = {
			isa = XCBuildConfiguration;
			buildSettings = {
				ALWAYS_SEARCH_USER_PATHS = NO;
				CLANG_ANALYZER_NONNULL = YES;
				CLANG_ANALYZER_NUMBER_OBJECT_CONVERSION = YES_AGGRESSIVE;
				CLANG_CXX_LANGUAGE_STANDARD = "gnu++17";
				CLANG_ENABLE_MODULES = YES;
				CLANG_ENABLE_OBJC_ARC = YES;
				CLANG_ENABLE_OBJC_WEAK = YES;
				CLANG_WARN_BLOCK_CAPTURE_AUTORELEASING = YES;
				CLANG_WARN_BOOL_CONVERSION = YES;
				CLANG_WARN_COMMA = YES;
				CLANG_WARN_CONSTANT_CONVERSION = YES;
				CLANG_WARN_DEPRECATED_OBJC_IMPLEMENTATIONS = YES;
				CLANG_WARN_DIRECT_OBJC_ISA_USAGE = YES_ERROR;
				CLANG_WARN_DOCUMENTATION_COMMENTS = YES;
				CLANG_WARN_EMPTY_BODY = YES;
				CLANG_WARN_ENUM_CONVERSION = YES;
				CLANG_WARN_INFINITE_RECURSION = YES;
				CLANG_WARN_INT_CONVERSION = YES;
				CLANG_WARN_NON_LITERAL_NULL_CONVERSION = YES;
				CLANG_WARN_OBJC_IMPLICIT_RETAIN_SELF = YES;
				CLANG_WARN_OBJC_LITERAL_CONVERSION = YES;
				CLANG_WARN_OBJC_ROOT_CLASS = YES_ERROR;
				CLANG_WARN_QUOTED_INCLUDE_IN_FRAMEWORK_HEADER = YES;
				CLANG_WARN_RANGE_LOOP_ANALYSIS = YES;
				CLANG_WARN_STRICT_PROTOTYPES = YES;
				CLANG_WARN_SUSPICIOUS_MOVE = YES;
				CLANG_WARN_UNGUARDED_AVAILABILITY = YES_AGGRESSIVE;
				CLANG_WARN_UNREACHABLE_CODE = YES;
				CLANG_WARN__DUPLICATE_METHOD_MATCH = YES;
				COPY_PHASE_STRIP = NO;
				DEBUG_INFORMATION_FORMAT = "dwarf-with-dsym";
				ENABLE_NS_ASSERTIONS = NO;
				ENABLE_STRICT_OBJC_MSGSEND = YES;
				GCC_C_LANGUAGE_STANDARD = gnu11;
				GCC_NO_COMMON_BLOCKS = YES;
				GCC_WARN_64_TO_32_BIT_CONVERSION = YES;
				GCC_WARN_ABOUT_RETURN_TYPE = YES_ERROR;
				GCC_WARN_UNDECLARED_SELECTOR = YES;
				GCC_WARN_UNINITIALIZED_AUTOS = YES_AGGRESSIVE;
				GCC_WARN_UNUSED_FUNCTION = YES;
				GCC_WARN_UNUSED_VARIABLE = YES;
				IPHONEOS_DEPLOYMENT_TARGET = 15.5;
				MTL_ENABLE_DEBUG_INFO = NO;
				MTL_FAST_MATH = YES;
				SDKROOT = iphoneos;
				SWIFT_COMPILATION_MODE = wholemodule;
				SWIFT_OPTIMIZATION_LEVEL = "-O";
				VALIDATE_PRODUCT = YES;
			};
			name = Release;
		};
		A8C23B4428A3ACB000756ED5 /* Debug */ = {
			isa = XCBuildConfiguration;
			buildSettings = {
				ASSETCATALOG_COMPILER_APPICON_NAME = AppIcon;
				ASSETCATALOG_COMPILER_GLOBAL_ACCENT_COLOR_NAME = AccentColor;
				CODE_SIGN_STYLE = Automatic;
				CURRENT_PROJECT_VERSION = 1;
				DEVELOPMENT_TEAM = 48Q38658W7;
				GENERATE_INFOPLIST_FILE = YES;
				INFOPLIST_FILE = Weather/Info.plist;
				INFOPLIST_KEY_UIApplicationSupportsIndirectInputEvents = YES;
				INFOPLIST_KEY_UILaunchStoryboardName = LaunchScreen;
				INFOPLIST_KEY_UISupportedInterfaceOrientations_iPad = "UIInterfaceOrientationPortrait UIInterfaceOrientationPortraitUpsideDown UIInterfaceOrientationLandscapeLeft UIInterfaceOrientationLandscapeRight";
				INFOPLIST_KEY_UISupportedInterfaceOrientations_iPhone = "UIInterfaceOrientationPortrait UIInterfaceOrientationLandscapeLeft UIInterfaceOrientationLandscapeRight";
				LD_RUNPATH_SEARCH_PATHS = (
					"$(inherited)",
					"@executable_path/Frameworks",
				);
				MARKETING_VERSION = 1.0;
				PRODUCT_BUNDLE_IDENTIFIER = BigNerdRanch.Weather;
				PRODUCT_NAME = "$(TARGET_NAME)";
				SWIFT_EMIT_LOC_STRINGS = YES;
				SWIFT_VERSION = 5.0;
				TARGETED_DEVICE_FAMILY = "1,2";
			};
			name = Debug;
		};
		A8C23B4528A3ACB000756ED5 /* Release */ = {
			isa = XCBuildConfiguration;
			buildSettings = {
				ASSETCATALOG_COMPILER_APPICON_NAME = AppIcon;
				ASSETCATALOG_COMPILER_GLOBAL_ACCENT_COLOR_NAME = AccentColor;
				CODE_SIGN_STYLE = Automatic;
				CURRENT_PROJECT_VERSION = 1;
				DEVELOPMENT_TEAM = 48Q38658W7;
				GENERATE_INFOPLIST_FILE = YES;
				INFOPLIST_FILE = Weather/Info.plist;
				INFOPLIST_KEY_UIApplicationSupportsIndirectInputEvents = YES;
				INFOPLIST_KEY_UILaunchStoryboardName = LaunchScreen;
				INFOPLIST_KEY_UISupportedInterfaceOrientations_iPad = "UIInterfaceOrientationPortrait UIInterfaceOrientationPortraitUpsideDown UIInterfaceOrientationLandscapeLeft UIInterfaceOrientationLandscapeRight";
				INFOPLIST_KEY_UISupportedInterfaceOrientations_iPhone = "UIInterfaceOrientationPortrait UIInterfaceOrientationLandscapeLeft UIInterfaceOrientationLandscapeRight";
				LD_RUNPATH_SEARCH_PATHS = (
					"$(inherited)",
					"@executable_path/Frameworks",
				);
				MARKETING_VERSION = 1.0;
				PRODUCT_BUNDLE_IDENTIFIER = BigNerdRanch.Weather;
				PRODUCT_NAME = "$(TARGET_NAME)";
				SWIFT_EMIT_LOC_STRINGS = YES;
				SWIFT_VERSION = 5.0;
				TARGETED_DEVICE_FAMILY = "1,2";
			};
			name = Release;
		};
/* End XCBuildConfiguration section */

/* Begin XCConfigurationList section */
		A8C23B2A28A3ACAF00756ED5 /* Build configuration list for PBXProject "Weather" */ = {
			isa = XCConfigurationList;
			buildConfigurations = (
				A8C23B4128A3ACB000756ED5 /* Debug */,
				A8C23B4228A3ACB000756ED5 /* Release */,
			);
			defaultConfigurationIsVisible = 0;
			defaultConfigurationName = Release;
		};
		A8C23B4328A3ACB000756ED5 /* Build configuration list for PBXNativeTarget "Weather" */ = {
			isa = XCConfigurationList;
			buildConfigurations = (
				A8C23B4428A3ACB000756ED5 /* Debug */,
				A8C23B4528A3ACB000756ED5 /* Release */,
			);
			defaultConfigurationIsVisible = 0;
			defaultConfigurationName = Release;
		};
/* End XCConfigurationList section */
	};
	rootObject = A8C23B2728A3ACAF00756ED5 /* Project object */;
}
